
Microsoft Visual Studio Solution File, Format Version 12.00
# Visual Studio Version 16
VisualStudioVersion = 25.0.1706.5
MinimumVisualStudioVersion = 10.0.40219.1
Project("{FAE04EC0-301F-11D3-BF4B-00C04F79EFBC}") = "adunare", "adunare.csproj", "{8D8A0F85-84FF-4DD9-B291-B90A1521F98E}"
EndProject
Global
	GlobalSection(SolutionConfigurationPlatforms) = preSolution
		Debug|Any CPU = Debug|Any CPU
		Release|Any CPU = Release|Any CPU
	EndGlobalSection
	GlobalSection(ProjectConfigurationPlatforms) = postSolution
		{8D8A0F85-84FF-4DD9-B291-B90A1521F98E}.Debug|Any CPU.ActiveCfg = Debug|Any CPU
		{8D8A0F85-84FF-4DD9-B291-B90A1521F98E}.Debug|Any CPU.Build.0 = Debug|Any CPU
		{8D8A0F85-84FF-4DD9-B291-B90A1521F98E}.Release|Any CPU.ActiveCfg = Release|Any CPU
		{8D8A0F85-84FF-4DD9-B291-B90A1521F98E}.Release|Any CPU.Build.0 = Release|Any CPU
	EndGlobalSection
	GlobalSection(SolutionProperties) = preSolution
		HideSolutionNode = FALSE
	EndGlobalSection
	GlobalSection(ExtensibilityGlobals) = postSolution
		SolutionGuid = {BED2E6A1-FA93-4417-A57C-91773F0BB4BF}
	EndGlobalSection
EndGlobal
